{
  "version": 1,
  "dependencies": {
    "net8.0": {
      "FluentValidation.AspNetCore": {
        "type": "Direct",
        "requested": "[11.3.1, )",
        "resolved": "11.3.1",
        "contentHash": "FjkfrGGwC+25oH8QpX1ti3gxkFjDDtotkAQWyQz2CkwQwEfRKTANjhh77I79kY8dov2ydK1SY+e4jiOWsbbDdQ==",
        "dependencies": {
          "FluentValidation": "11.11.0",
          "FluentValidation.DependencyInjectionExtensions": "11.11.0"
        }
      },
      "FluentValidation.DependencyInjectionExtensions": {
        "type": "Direct",
        "requested": "[12.0.0, )",
        "resolved": "12.0.0",
        "contentHash": "B28fBRL1UjhGsBC8fwV6YBZosh+SiU1FxdD7l7p5dGPgRlVI7UnM+Lgzmg+unZtV1Zxzpaw96UY2MYfMaAd8cg==",
        "dependencies": {
          "FluentValidation": "12.0.0",
          "Microsoft.Extensions.Dependencyinjection.Abstractions": "2.1.0"
        }
      },
      "Microsoft.EntityFrameworkCore": {
        "type": "Direct",
        "requested": "[9.0.10, )",
        "resolved": "9.0.10",
        "contentHash": "WjjxVyOTVs85V7SUe+lZjtGOEeVzF4RO8amrqL4adgbyThNq7vGCFzPw8buZj44gHeQYD5V/uZ/6XuqG9Jq+kA==",
        "dependencies": {
          "Microsoft.EntityFrameworkCore.Abstractions": "9.0.10",
          "Microsoft.EntityFrameworkCore.Analyzers": "9.0.10",
          "Microsoft.Extensions.Caching.Memory": "9.0.10",
          "Microsoft.Extensions.Logging": "9.0.10"
        }
      },
      "Microsoft.EntityFrameworkCore.SqlServer": {
        "type": "Direct",
        "requested": "[9.0.10, )",
        "resolved": "9.0.10",
        "contentHash": "2c940sdoibS6FjKmSZvApIxWDcsYpjj9Jgnjt4BBpsAuaJOjT26jStM9Nc2Mvxp+054E0pqEZQHRyoug4vmeIQ==",
        "dependencies": {
          "Microsoft.Data.SqlClient": "5.1.6",
          "Microsoft.EntityFrameworkCore.Relational": "9.0.10",
          "Microsoft.Extensions.Caching.Memory": "9.0.10",
          "Microsoft.Extensions.Configuration.Abstractions": "9.0.10",
          "Microsoft.Extensions.Logging": "9.0.10",
          "System.Formats.Asn1": "9.0.10",
          "System.Text.Json": "9.0.10"
        }
      },
      "ReportViewerCore.NETCore": {
        "type": "Direct",
        "requested": "[15.1.26, )",
        "resolved": "15.1.26",
        "contentHash": "++dE5lildQKId9/jAc8DLRAPpQEzpNGsuVNCZmOIMr1mlEew3LXeRS/+Fz70BtA7cUsI2dCMbt34Xuzi7Ka4Pg==",
        "dependencies": {
          "Microsoft.CodeAnalysis.VisualBasic": "4.8.0",
          "System.CodeDom": "8.0.0",
          "System.Drawing.Common": "8.0.0",
          "System.IO.Packaging": "8.0.1",
          "System.Resources.Extensions": "6.0.0",
          "System.ServiceModel.Http": "8.1.0"
        }
      },
      "Swashbuckle.AspNetCore": {
        "type": "Direct",
        "requested": "[7.3.2, )",
        "resolved": "7.3.2",
        "contentHash": "WEkW7Cl8bexT75eURuqrqM/TQx+ftWKOWlCHzmw3Fl3oAmxiBO/lDVOuuqZsaBCHQIBcZxA6BbyiG5dv2mD2tw==",
        "dependencies": {
          "Microsoft.Extensions.ApiDescription.Server": "6.0.5",
          "Swashbuckle.AspNetCore.Swagger": "7.3.2",
          "Swashbuckle.AspNetCore.SwaggerGen": "7.3.2",
          "Swashbuckle.AspNetCore.SwaggerUI": "7.3.2"
        }
      },
      "Swashbuckle.AspNetCore.Filters": {
        "type": "Direct",
        "requested": "[7.0.12, )",
        "resolved": "7.0.12",
        "contentHash": "nlf/Z3QuxRzLurmGzmL4QhV7K0RZCCXoPzvWNnCbPNV6R+CMrX3VEkViqn2yTcZafmNo83HQKYCGmCakdXRRsQ==",
        "dependencies": {
          "Microsoft.Extensions.DependencyInjection": "2.1.0",
          "Microsoft.OpenApi": "1.3.1",
          "Scrutor": "3.3.0",
          "Swashbuckle.AspNetCore.Filters.Abstractions": "7.0.12",
          "Swashbuckle.AspNetCore.SwaggerGen": "5.0.0"
        }
      },
      "Azure.Core": {
        "type": "Transitive",
        "resolved": "1.38.0",
        "contentHash": "IuEgCoVA0ef7E4pQtpC3+TkPbzaoQfa77HlfJDmfuaJUCVJmn7fT0izamZiryW5sYUFKizsftIxMkXKbgIcPMQ==",
        "dependencies": {
          "Microsoft.Bcl.AsyncInterfaces": "1.1.1",
          "System.ClientModel": "1.0.0",
          "System.Diagnostics.DiagnosticSource": "6.0.1",
          "System.Memory.Data": "1.0.2",
          "System.Numerics.Vectors": "4.5.0",
          "System.Text.Encodings.Web": "4.7.2",
          "System.Text.Json": "4.7.2",
          "System.Threading.Tasks.Extensions": "4.5.4"
        }
      },
      "Azure.Identity": {
        "type": "Transitive",
        "resolved": "1.11.4",
        "contentHash": "Sf4BoE6Q3jTgFkgBkx7qztYOFELBCo+wQgpYDwal/qJ1unBH73ywPztIJKXBXORRzAeNijsuxhk94h0TIMvfYg==",
        "dependencies": {
          "Azure.Core": "1.38.0",
          "Microsoft.Identity.Client": "4.61.3",
          "Microsoft.Identity.Client.Extensions.Msal": "4.61.3",
          "System.Memory": "4.5.4",
          "System.Security.Cryptography.ProtectedData": "4.7.0",
          "System.Text.Json": "4.7.2",
          "System.Threading.Tasks.Extensions": "4.5.4"
        }
      },
      "FluentValidation": {
        "type": "Transitive",
        "resolved": "12.0.0",
        "contentHash": "8NVLxtMUXynRHJIX3Hn1ACovaqZIJASufXIIFkD0EUbcd5PmMsL1xUD5h548gCezJ5BzlITaR9CAMrGe29aWpA=="
      },
      "Microsoft.Bcl.AsyncInterfaces": {
        "type": "Transitive",
        "resolved": "1.1.1",
        "contentHash": "yuvf07qFWFqtK3P/MRkEKLhn5r2UbSpVueRziSqj0yJQIKFwG1pq9mOayK3zE5qZCTs0CbrwL9M6R8VwqyGy2w=="
      },
      "Microsoft.CodeAnalysis.Analyzers": {
        "type": "Transitive",
        "resolved": "3.3.4",
        "contentHash": "AxkxcPR+rheX0SmvpLVIGLhOUXAKG56a64kV9VQZ4y9gR9ZmPXnqZvHJnmwLSwzrEP6junUF11vuc+aqo5r68g=="
      },
      "Microsoft.CodeAnalysis.Common": {
        "type": "Transitive",
        "resolved": "4.8.0",
        "contentHash": "/jR+e/9aT+BApoQJABlVCKnnggGQbvGh7BKq2/wI1LamxC+LbzhcLj4Vj7gXCofl1n4E521YfF9w0WcASGg/KA==",
        "dependencies": {
          "Microsoft.CodeAnalysis.Analyzers": "3.3.4",
          "System.Collections.Immutable": "7.0.0",
          "System.Reflection.Metadata": "7.0.0",
          "System.Runtime.CompilerServices.Unsafe": "6.0.0"
        }
      },
      "Microsoft.CodeAnalysis.VisualBasic": {
        "type": "Transitive",
        "resolved": "4.8.0",
        "contentHash": "kfHPh/etcWypMDYfHxgfitgJMhi986OFCICb76RPcA1Toordf6bBYEJytWr2L5CNdkXFWuw5qTkrlsktBav4VA==",
        "dependencies": {
          "Microsoft.CodeAnalysis.Common": "[4.8.0]"
        }
      },
      "Microsoft.CSharp": {
        "type": "Transitive",
        "resolved": "4.5.0",
        "contentHash": "kaj6Wb4qoMuH3HySFJhxwQfe8R/sJsNJnANrvv8WdFPMoNbKY5htfNscv+LHCu5ipz+49m2e+WQXpLXr9XYemQ=="
      },
      "Microsoft.Data.SqlClient": {
        "type": "Transitive",
        "resolved": "5.1.6",
        "contentHash": "+pz7gIPh5ydsBcQvivt4R98PwJXer86fyQBBToIBLxZ5kuhW4N13Ijz87s9WpuPtF1vh4JesYCgpDPAOgkMhdg==",
        "dependencies": {
          "Azure.Identity": "1.11.4",
          "Microsoft.Data.SqlClient.SNI.runtime": "5.1.1",
          "Microsoft.Identity.Client": "4.61.3",
          "Microsoft.IdentityModel.JsonWebTokens": "6.35.0",
          "Microsoft.IdentityModel.Protocols.OpenIdConnect": "6.35.0",
          "Microsoft.SqlServer.Server": "1.0.0",
          "System.Configuration.ConfigurationManager": "6.0.1",
          "System.Diagnostics.DiagnosticSource": "6.0.1",
          "System.Runtime.Caching": "6.0.0",
          "System.Security.Cryptography.Cng": "5.0.0",
          "System.Security.Principal.Windows": "5.0.0",
          "System.Text.Encoding.CodePages": "6.0.0",
          "System.Text.Encodings.Web": "6.0.0"
        }
      },
      "Microsoft.Data.SqlClient.SNI.runtime": {
        "type": "Transitive",
        "resolved": "5.1.1",
        "contentHash": "wNGM5ZTQCa2blc9ikXQouybGiyMd6IHPVJvAlBEPtr6JepZEOYeDxGyprYvFVeOxlCXs7avridZQ0nYkHzQWCQ=="
      },
      "Microsoft.EntityFrameworkCore.Abstractions": {
        "type": "Transitive",
        "resolved": "9.0.10",
        "contentHash": "I3TWAs5Lbzmzu8S0T6qXhzBiO3CznYLrfE59W0npkqNHfWGH8CgA66LrHMWxWOXVTD4145QwYqiWNCdLwpJ1Ew=="
      },
      "Microsoft.EntityFrameworkCore.Analyzers": {
        "type": "Transitive",
        "resolved": "9.0.10",
        "contentHash": "mXNl0Gg3l3zGrClLCHepB+b7rYVuFfB9qQJwya0dUSHFuR1T0jMD8KxuNVyhQSfoWIepanhzjcG8TUNGXOcU0Q=="
      },
      "Microsoft.EntityFrameworkCore.Relational": {
        "type": "Transitive",
        "resolved": "9.0.10",
        "contentHash": "IJNrG5vdmFUvHR8FLLFg9AWpuE8qW1DTEN+fNLGbNTu6cnpZzzqU6+aknAGtTSAEVWosJ3BZ3TOO9wpifUvv3A==",
        "dependencies": {
          "Microsoft.EntityFrameworkCore": "9.0.10",
          "Microsoft.Extensions.Caching.Memory": "9.0.10",
          "Microsoft.Extensions.Configuration.Abstractions": "9.0.10",
          "Microsoft.Extensions.Logging": "9.0.10"
        }
      },
      "Microsoft.Extensions.ApiDescription.Server": {
        "type": "Transitive",
        "resolved": "6.0.5",
        "contentHash": "Ckb5EDBUNJdFWyajfXzUIMRkhf52fHZOQuuZg/oiu8y7zDCVwD0iHhew6MnThjHmevanpxL3f5ci2TtHQEN6bw=="
      },
      "Microsoft.Extensions.Caching.Abstractions": {
        "type": "Transitive",
        "resolved": "9.0.10",
        "contentHash": "cL6iTxgJ4u5zP3eFOdBiDAtmE/B2WKTRhyJfEne7n6qvHpsMwwIDxljs210mWSO1ucBy7lR1Lo7/7kjeZeLcqQ==",
        "dependencies": {
          "Microsoft.Extensions.Primitives": "9.0.10"
        }
      },
      "Microsoft.Extensions.Caching.Memory": {
        "type": "Transitive",
        "resolved": "9.0.10",
        "contentHash": "2iuzwIoCoqZJfH2VLk1xvlQS4PQDEuhj4dWiGb+Qpt1vHFHyffp497cTO6ucsV54W/h4JmM1vzDBv8pVAFazZg==",
        "dependencies": {
          "Microsoft.Extensions.Caching.Abstractions": "9.0.10",
          "Microsoft.Extensions.DependencyInjection.Abstractions": "9.0.10",
          "Microsoft.Extensions.Logging.Abstractions": "9.0.10",
          "Microsoft.Extensions.Options": "9.0.10",
          "Microsoft.Extensions.Primitives": "9.0.10"
        }
      },
      "Microsoft.Extensions.Configuration.Abstractions": {
        "type": "Transitive",
        "resolved": "9.0.10",
        "contentHash": "ad3JxmFj0uxuFa1CT6oxTCC1lQ0xeRuOvzBRFT/I/ofIXVOnNsH/v2GZkAJWhlpZqKUvSexQZzp3EEAB2CdtJg==",
        "dependencies": {
          "Microsoft.Extensions.Primitives": "9.0.10"
        }
      },
      "Microsoft.Extensions.DependencyInjection": {
        "type": "Transitive",
        "resolved": "9.0.10",
        "contentHash": "iEtXCkNd5XhjNJAOb/wO4IhDRdLIE2CsPxZggZQWJ/q2+sa8dmEPC393nnsiqdH8/4KV8Xn25IzgKPR1UEQ0og==",
        "dependencies": {
          "Microsoft.Extensions.DependencyInjection.Abstractions": "9.0.10"
        }
      },
      "Microsoft.Extensions.DependencyInjection.Abstractions": {
        "type": "Transitive",
        "resolved": "9.0.10",
        "contentHash": "r9waLiOPe9ZF1PvzUT+RDoHvpMmY8MW+lb4lqjYGObwKpnyPMLI3odVvlmshwuZcdoHynsGWOrCPA0hxZ63lIA=="
      },
      "Microsoft.Extensions.DependencyModel": {
        "type": "Transitive",
        "resolved": "3.1.6",
        "contentHash": "/UlDKULIVkLQYn1BaHcy/rc91ApDxJb7T75HcCbGdqwvxhnRQRKM2di1E70iCPMF9zsr6f4EgQTotBGxFIfXmw==",
        "dependencies": {
          "System.Text.Json": "4.7.2"
        }
      },
      "Microsoft.Extensions.Logging": {
        "type": "Transitive",
        "resolved": "9.0.10",
        "contentHash": "UBXHqE9vyptVhaFnT1R7YJKCve7TqVI10yjjUZBNGMlW2lZ4c031Slt9hxsOzWCzlpPxxIFyf1Yk4a6Iubxx7w==",
        "dependencies": {
          "Microsoft.Extensions.DependencyInjection": "9.0.10",
          "Microsoft.Extensions.Logging.Abstractions": "9.0.10",
          "Microsoft.Extensions.Options": "9.0.10"
        }
      },
      "Microsoft.Extensions.Logging.Abstractions": {
        "type": "Transitive",
        "resolved": "9.0.10",
        "contentHash": "MFUPv/nN1rAQ19w43smm6bbf0JDYN/1HEPHoiMYY50pvDMFpglzWAuoTavByDmZq7UuhjaxwrET3joU69ZHoHQ==",
        "dependencies": {
          "Microsoft.Extensions.DependencyInjection.Abstractions": "9.0.10",
          "System.Diagnostics.DiagnosticSource": "9.0.10"
        }
      },
      "Microsoft.Extensions.ObjectPool": {
        "type": "Transitive",
        "resolved": "8.0.10",
        "contentHash": "u7gAG7JgxF8VSJUGPSudAcPxOt+ymJKQCSxNRxiuKV+klCQbHljQR75SilpedCTfhPWDhtUwIJpnDVtspr9nMg=="
      },
      "Microsoft.Extensions.Options": {
        "type": "Transitive",
        "resolved": "9.0.10",
        "contentHash": "zMNABt8eBv0B0XrWjFy9nZNgddavaOeq3ZdaD5IlHhRH65MrU7HM+Hd8GjWE3e2VDGFPZFfSAc6XVXC17f9fOA==",
        "dependencies": {
          "Microsoft.Extensions.DependencyInjection.Abstractions": "9.0.10",
          "Microsoft.Extensions.Primitives": "9.0.10"
        }
      },
      "Microsoft.Extensions.Primitives": {
        "type": "Transitive",
        "resolved": "9.0.10",
        "contentHash": "3pl8D1O5ZwMpDkZAT2uXrhQ6NipkwEgDLMFuURiHTf72TvkoMP61QYH3Vk1yrzVHnHBdNZk3cQACz8Zc7YGNhQ=="
      },
      "Microsoft.Identity.Client": {
        "type": "Transitive",
        "resolved": "4.61.3",
        "contentHash": "naJo/Qm35Caaoxp5utcw+R8eU8ZtLz2ALh8S+gkekOYQ1oazfCQMWVT4NJ/FnHzdIJlm8dMz0oMpMGCabx5odA==",
        "dependencies": {
          "Microsoft.IdentityModel.Abstractions": "6.35.0",
          "System.Diagnostics.DiagnosticSource": "6.0.1"
        }
      },
      "Microsoft.Identity.Client.Extensions.Msal": {
        "type": "Transitive",
        "resolved": "4.61.3",
        "contentHash": "PWnJcznrSGr25MN8ajlc2XIDW4zCFu0U6FkpaNLEWLgd1NgFCp5uDY3mqLDgM8zCN8hqj8yo5wHYfLB2HjcdGw==",
        "dependencies": {
          "Microsoft.Identity.Client": "4.61.3",
          "System.Security.Cryptography.ProtectedData": "4.5.0"
        }
      },
      "Microsoft.IdentityModel.Abstractions": {
        "type": "Transitive",
        "resolved": "6.35.0",
        "contentHash": "xuR8E4Rd96M41CnUSCiOJ2DBh+z+zQSmyrYHdYhD6K4fXBcQGVnRCFQ0efROUYpP+p0zC1BLKr0JRpVuujTZSg=="
      },
      "Microsoft.IdentityModel.JsonWebTokens": {
        "type": "Transitive",
        "resolved": "6.35.0",
        "contentHash": "9wxai3hKgZUb4/NjdRKfQd0QJvtXKDlvmGMYACbEC8DFaicMFCFhQFZq9ZET1kJLwZahf2lfY5Gtcpsx8zYzbg==",
        "dependencies": {
          "Microsoft.IdentityModel.Tokens": "6.35.0",
          "System.Text.Encoding": "4.3.0",
          "System.Text.Encodings.Web": "4.7.2",
          "System.Text.Json": "4.7.2"
        }
      },
      "Microsoft.IdentityModel.Logging": {
        "type": "Transitive",
        "resolved": "6.35.0",
        "contentHash": "jePrSfGAmqT81JDCNSY+fxVWoGuJKt9e6eJ+vT7+quVS55nWl//jGjUQn4eFtVKt4rt5dXaleZdHRB9J9AJZ7Q==",
        "dependencies": {
          "Microsoft.IdentityModel.Abstractions": "6.35.0"
        }
      },
      "Microsoft.IdentityModel.Protocols": {
        "type": "Transitive",
        "resolved": "6.35.0",
        "contentHash": "BPQhlDzdFvv1PzaUxNSk+VEPwezlDEVADIKmyxubw7IiELK18uJ06RQ9QKKkds30XI+gDu9n8j24XQ8w7fjWcg==",
        "dependencies": {
          "Microsoft.IdentityModel.Logging": "6.35.0",
          "Microsoft.IdentityModel.Tokens": "6.35.0"
        }
      },
      "Microsoft.IdentityModel.Protocols.OpenIdConnect": {
        "type": "Transitive",
        "resolved": "6.35.0",
        "contentHash": "LMtVqnECCCdSmyFoCOxIE5tXQqkOLrvGrL7OxHg41DIm1bpWtaCdGyVcTAfOQpJXvzND9zUKIN/lhngPkYR8vg==",
        "dependencies": {
          "Microsoft.IdentityModel.Protocols": "6.35.0",
          "System.IdentityModel.Tokens.Jwt": "6.35.0"
        }
      },
      "Microsoft.IdentityModel.Tokens": {
        "type": "Transitive",
        "resolved": "6.35.0",
        "contentHash": "RN7lvp7s3Boucg1NaNAbqDbxtlLj5Qeb+4uSS1TeK5FSBVM40P4DKaTKChT43sHyKfh7V0zkrMph6DdHvyA4bg==",
        "dependencies": {
          "Microsoft.CSharp": "4.5.0",
          "Microsoft.IdentityModel.Logging": "6.35.0",
          "System.Security.Cryptography.Cng": "4.5.0"
        }
      },
      "Microsoft.NETCore.Platforms": {
        "type": "Transitive",
        "resolved": "1.1.0",
        "contentHash": "kz0PEW2lhqygehI/d6XsPCQzD7ff7gUJaVGPVETX611eadGsA3A877GdSlU0LRVMCTH/+P3o2iDTak+S08V2+A=="
      },
      "Microsoft.NETCore.Targets": {
        "type": "Transitive",
        "resolved": "1.1.0",
        "contentHash": "aOZA3BWfz9RXjpzt0sRJJMjAscAUm3Hoa4UWAfceV9UTYxgwZ1lZt5nO2myFf+/jetYQo4uTP7zS8sJY67BBxg=="
      },
      "Microsoft.OpenApi": {
        "type": "Transitive",
        "resolved": "1.6.22",
        "contentHash": "aBvunmrdu/x+4CaA/UP1Jx4xWGwk4kymhoIRnn2Vp+zi5/KOPQJ9EkSXHRUr01WcGKtYl3Au7XfkPJbU1G2sjQ=="
      },
      "Microsoft.SqlServer.Server": {
        "type": "Transitive",
        "resolved": "1.0.0",
        "contentHash": "N4KeF3cpcm1PUHym1RmakkzfkEv3GRMyofVv40uXsQhCQeglr2OHNcUk2WOG51AKpGO8ynGpo9M/kFXSzghwug=="
      },
      "Microsoft.Win32.SystemEvents": {
        "type": "Transitive",
        "resolved": "8.0.0",
        "contentHash": "9opKRyOKMCi2xJ7Bj7kxtZ1r9vbzosMvRrdEhVhDz8j8MoBGgB+WmC94yH839NPH+BclAjtQ/pyagvi/8gDLkw=="
      },
      "Scrutor": {
        "type": "Transitive",
        "resolved": "3.3.0",
        "contentHash": "BwqCnFzp2/Z+pq17iztxlIkR/ZANyPRR4PdE57WL1w/JW4AM/2imoxBWTL3+G+YXA46ce4s9OUgwWqTXYrtI8A==",
        "dependencies": {
          "Microsoft.Extensions.DependencyInjection.Abstractions": "3.1.9",
          "Microsoft.Extensions.DependencyModel": "3.1.6"
        }
      },
      "Swashbuckle.AspNetCore.Filters.Abstractions": {
        "type": "Transitive",
        "resolved": "7.0.12",
        "contentHash": "rYrsv+n2pRIKKquh6NfQCh9349xbMg+zgyKNXCwwxsfp5HvXrEOyZqYsjyJxfp08c0ApcUXafaRoSr/1pZwSZg=="
      },
      "Swashbuckle.AspNetCore.Swagger": {
        "type": "Transitive",
        "resolved": "7.3.2",
        "contentHash": "39Z2N3cLHDcDinu2IW5IaQO9wGPKTbc+vKbjIT/6gN3jFYypWY5U3O8i7Y9rmYDgxkm6niICnkcFZ3hEvikIHA==",
        "dependencies": {
          "Microsoft.OpenApi": "1.6.22"
        }
      },
      "Swashbuckle.AspNetCore.SwaggerGen": {
        "type": "Transitive",
        "resolved": "7.3.2",
        "contentHash": "x5famjpcgazpT/8eEIlpSYSTZDq6ojMARhuJgj6O67Uk+Yb1DdDM5yikdL7GK1pMk5rYBETUCRWYP6rp+vHnlA==",
        "dependencies": {
          "Swashbuckle.AspNetCore.Swagger": "7.3.2"
        }
      },
      "Swashbuckle.AspNetCore.SwaggerUI": {
        "type": "Transitive",
        "resolved": "7.3.2",
        "contentHash": "SNQuFjYin9KhkoCSVOD5/Y4VEyAjKBDeZkIqqY6x+oI21HMKzzVkeJA9V7tWFXf5df4m/+pTIlbKO7g5W9UroQ=="
      },
      "System.ClientModel": {
        "type": "Transitive",
        "resolved": "1.0.0",
        "contentHash": "I3CVkvxeqFYjIVEP59DnjbeoGNfo/+SZrCLpRz2v/g0gpCHaEMPtWSY0s9k/7jR1rAsLNg2z2u1JRB76tPjnIw==",
        "dependencies": {
          "System.Memory.Data": "1.0.2",
          "System.Text.Json": "4.7.2"
        }
      },
      "System.CodeDom": {
        "type": "Transitive",
        "resolved": "8.0.0",
        "contentHash": "WTlRjL6KWIMr/pAaq3rYqh0TJlzpouaQ/W1eelssHgtlwHAH25jXTkUphTYx9HaIIf7XA6qs/0+YhtLEQRkJ+Q=="
      },
      "System.Collections.Immutable": {
        "type": "Transitive",
        "resolved": "7.0.0",
        "contentHash": "dQPcs0U1IKnBdRDBkrCTi1FoajSTBzLcVTpjO4MBCMC7f4pDOIPzgBoX8JjG7X6uZRJ8EBxsi8+DR1JuwjnzOQ=="
      },
      "System.Configuration.ConfigurationManager": {
        "type": "Transitive",
        "resolved": "6.0.1",
        "contentHash": "jXw9MlUu/kRfEU0WyTptAVueupqIeE3/rl0EZDMlf8pcvJnitQ8HeVEp69rZdaStXwTV72boi/Bhw8lOeO+U2w==",
        "dependencies": {
          "System.Security.Cryptography.ProtectedData": "6.0.0",
          "System.Security.Permissions": "6.0.0"
        }
      },
      "System.Diagnostics.DiagnosticSource": {
        "type": "Transitive",
        "resolved": "9.0.10",
        "contentHash": "uIpKiKp7EWlYZBK71jYP+maGYjDY9YTi/FxBlZoqDzM1ZHZB7gLqUm4jHvRFwaKfR1/Lrt2rQih9LGPIKyNEow=="
      },
      "System.Drawing.Common": {
        "type": "Transitive",
        "resolved": "8.0.0",
        "contentHash": "JkbHJjtI/dWc5dfmEdJlbe3VwgZqCkZRtfuWFh5GOv0f+gGCfBtzMpIVkmdkj2AObO9y+oiOi81UGwH3aBYuqA==",
        "dependencies": {
          "Microsoft.Win32.SystemEvents": "8.0.0"
        }
      },
      "System.Formats.Asn1": {
        "type": "Transitive",
        "resolved": "9.0.10",
        "contentHash": "RWiTJ02zR2+jGjNje7dbH0iI/D1JPHax+8ET5Y7vHVf/yeYY5eUPP8f8KbcbI3iisNs6x1yfAEB2H57mQ7hPIQ=="
      },
      "System.IdentityModel.Tokens.Jwt": {
        "type": "Transitive",
        "resolved": "6.35.0",
        "contentHash": "yxGIQd3BFK7F6S62/7RdZk3C/mfwyVxvh6ngd1VYMBmbJ1YZZA9+Ku6suylVtso0FjI0wbElpJ0d27CdsyLpBQ==",
        "dependencies": {
          "Microsoft.IdentityModel.JsonWebTokens": "6.35.0",
          "Microsoft.IdentityModel.Tokens": "6.35.0"
        }
      },
      "System.IO.Packaging": {
        "type": "Transitive",
        "resolved": "8.0.1",
        "contentHash": "KYkIOAvPexQOLDxPO2g0BVoWInnQhPpkFzRqvNrNrMhVT6kqhVr0zEb6KCHlptLFukxnZrjuMVAnxK7pOGUYrw=="
      },
      "System.IO.Pipelines": {
        "type": "Transitive",
        "resolved": "9.0.10",
        "contentHash": "lwI0mhHcCxMtNSxB5ate9Gc9petWovRBUprtjz2yiIDDZPGBIaUiqNzQHJzjPuzTnvNbEMilpAXjDguKsU/2Fg=="
      },
      "System.Memory": {
        "type": "Transitive",
        "resolved": "4.5.4",
        "contentHash": "1MbJTHS1lZ4bS4FmsJjnuGJOu88ZzTT2rLvrhW7Ygic+pC0NWA+3hgAen0HRdsocuQXCkUTdFn9yHJJhsijDXw=="
      },
      "System.Memory.Data": {
        "type": "Transitive",
        "resolved": "1.0.2",
        "contentHash": "JGkzeqgBsiZwKJZ1IxPNsDFZDhUvuEdX8L8BDC8N3KOj+6zMcNU28CNN59TpZE/VJYy9cP+5M+sbxtWJx3/xtw==",
        "dependencies": {
          "System.Text.Encodings.Web": "4.7.2",
          "System.Text.Json": "4.6.0"
        }
      },
      "System.Numerics.Vectors": {
        "type": "Transitive",
        "resolved": "4.5.0",
        "contentHash": "QQTlPTl06J/iiDbJCiepZ4H//BVraReU4O4EoRw1U02H5TLUIT7xn3GnDp9AXPSlJUDyFs4uWjWafNX6WrAojQ=="
      },
      "System.Reflection.Metadata": {
        "type": "Transitive",
        "resolved": "7.0.0",
        "contentHash": "MclTG61lsD9sYdpNz9xsKBzjsmsfCtcMZYXz/IUr2zlhaTaABonlr1ESeompTgM+Xk+IwtGYU7/voh3YWB/fWw==",
        "dependencies": {
          "System.Collections.Immutable": "7.0.0"
        }
      },
      "System.Resources.Extensions": {
        "type": "Transitive",
        "resolved": "6.0.0",
        "contentHash": "pBnVzNQYd0OHqh0VLu/hi0zFOTtyF8QwtziQBmzX/ZtVOea4+JEVOGu29DHeSOA0a9SFrYjQorBrOLuKLhcMNQ=="
      },
      "System.Runtime": {
        "type": "Transitive",
        "resolved": "4.3.0",
        "contentHash": "JufQi0vPQ0xGnAczR13AUFglDyVYt4Kqnz1AZaiKZ5+GICq0/1MH/mO/eAJHt/mHW1zjKBJd7kV26SrxddAhiw==",
        "dependencies": {
          "Microsoft.NETCore.Platforms": "1.1.0",
          "Microsoft.NETCore.Targets": "1.1.0"
        }
      },
      "System.Runtime.Caching": {
        "type": "Transitive",
        "resolved": "6.0.0",
        "contentHash": "E0e03kUp5X2k+UAoVl6efmI7uU7JRBWi5EIdlQ7cr0NpBGjHG4fWII35PgsBY9T4fJQ8E4QPsL0rKksU9gcL5A==",
        "dependencies": {
          "System.Configuration.ConfigurationManager": "6.0.0"
        }
      },
      "System.Runtime.CompilerServices.Unsafe": {
        "type": "Transitive",
        "resolved": "6.0.0",
        "contentHash": "/iUeP3tq1S0XdNNoMz5C9twLSrM/TH+qElHkXWaPvuNOt+99G75NrV0OS2EqHx5wMN7popYjpc8oTjC1y16DLg=="
      },
      "System.Security.AccessControl": {
        "type": "Transitive",
        "resolved": "6.0.0",
        "contentHash": "AUADIc0LIEQe7MzC+I0cl0rAT8RrTAKFHl53yHjEUzNVIaUlhFY11vc2ebiVJzVBuOzun6F7FBA+8KAbGTTedQ=="
      },
      "System.Security.Cryptography.Cng": {
        "type": "Transitive",
        "resolved": "5.0.0",
        "contentHash": "jIMXsKn94T9JY7PvPq/tMfqa6GAaHpElRDpmG+SuL+D3+sTw2M8VhnibKnN8Tq+4JqbPJ/f+BwtLeDMEnzAvRg==",
        "dependencies": {
          "System.Formats.Asn1": "5.0.0"
        }
      },
      "System.Security.Cryptography.Pkcs": {
        "type": "Transitive",
        "resolved": "8.0.1",
        "contentHash": "CoCRHFym33aUSf/NtWSVSZa99dkd0Hm7OCZUxORBjRB16LNhIEOf8THPqzIYlvKM0nNDAPTRBa1FxEECrgaxxA=="
      },
      "System.Security.Cryptography.ProtectedData": {
        "type": "Transitive",
        "resolved": "6.0.0",
        "contentHash": "rp1gMNEZpvx9vP0JW0oHLxlf8oSiQgtno77Y4PLUBjSiDYoD77Y8uXHr1Ea5XG4/pIKhqAdxZ8v8OTUtqo9PeQ=="
      },
      "System.Security.Cryptography.Xml": {
        "type": "Transitive",
        "resolved": "8.0.2",
        "contentHash": "aDM/wm0ZGEZ6ZYJLzgqjp2FZdHbDHh6/OmpGfb7AdZ105zYmPn/83JRU2xLIbwgoNz9U1SLUTJN0v5th3qmvjA==",
        "dependencies": {
          "System.Security.Cryptography.Pkcs": "8.0.1"
        }
      },
      "System.Security.Permissions": {
        "type": "Transitive",
        "resolved": "6.0.0",
        "contentHash": "T/uuc7AklkDoxmcJ7LGkyX1CcSviZuLCa4jg3PekfJ7SU0niF0IVTXwUiNVP9DSpzou2PpxJ+eNY2IfDM90ZCg==",
        "dependencies": {
          "System.Security.AccessControl": "6.0.0",
          "System.Windows.Extensions": "6.0.0"
        }
      },
      "System.Security.Principal.Windows": {
        "type": "Transitive",
        "resolved": "5.0.0",
        "contentHash": "t0MGLukB5WAVU9bO3MGzvlGnyJPgUlcwerXn1kzBRjwLKixT96XV0Uza41W49gVd8zEMFu9vQEFlv0IOrytICA=="
      },
      "System.ServiceModel.Http": {
        "type": "Transitive",
        "resolved": "8.1.0",
        "contentHash": "xGyo7hO2S7tRVvCDpWiQYeuSQZ0DcuDPHfX7JC3ncAjwsqCOqTATRAylGCxU0lW1iE4fjDACYT8hHo/hin9csA==",
        "dependencies": {
          "System.ServiceModel.Primitives": "8.1.0"
        }
      },
      "System.ServiceModel.Primitives": {
        "type": "Transitive",
        "resolved": "8.1.0",
        "contentHash": "/NGnzQSp2lmTlCfKzcD2PVKRnx6bQCbEqlb5sXo31TA2C7oA8g5I7Wfjk8dNRNUo1uSqZUcj3htED6tWA/mX9w==",
        "dependencies": {
          "Microsoft.Extensions.ObjectPool": "8.0.10",
          "System.Security.Cryptography.Xml": "8.0.2"
        }
      },
      "System.Text.Encoding": {
        "type": "Transitive",
        "resolved": "4.3.0",
        "contentHash": "BiIg+KWaSDOITze6jGQynxg64naAPtqGHBwDrLaCtixsa5bKiR8dpPOHA7ge3C0JJQizJE+sfkz1wV+BAKAYZw==",
        "dependencies": {
          "Microsoft.NETCore.Platforms": "1.1.0",
          "Microsoft.NETCore.Targets": "1.1.0",
          "System.Runtime": "4.3.0"
        }
      },
      "System.Text.Encoding.CodePages": {
        "type": "Transitive",
        "resolved": "6.0.0",
        "contentHash": "ZFCILZuOvtKPauZ/j/swhvw68ZRi9ATCfvGbk1QfydmcXBkIWecWKn/250UH7rahZ5OoDBaiAudJtPvLwzw85A==",
        "dependencies": {
          "System.Runtime.CompilerServices.Unsafe": "6.0.0"
        }
      },
      "System.Text.Encodings.Web": {
        "type": "Transitive",
        "resolved": "9.0.10",
        "contentHash": "znmiJFUa0GGwq7t6ShUKBDRlPsNJaudNFI7rVeyGnRBhiRMegBvu2GRcadThP/QX/a5UpGgZbe6tolDooobj/Q=="
      },
      "System.Text.Json": {
        "type": "Transitive",
        "resolved": "9.0.10",
        "contentHash": "XM02ZBnzxk7Ti6l9YRy8Bp639wANqJzJzw4W4VYiCh+HXY9hBOWkGB4k89OLP/s/RxgM02P4a/mWcJTgFiLf1Q==",
        "dependencies": {
          "System.IO.Pipelines": "9.0.10",
          "System.Text.Encodings.Web": "9.0.10"
        }
      },
      "System.Threading.Tasks.Extensions": {
        "type": "Transitive",
        "resolved": "4.5.4",
        "contentHash": "zteT+G8xuGu6mS+mzDzYXbzS7rd3K6Fjb9RiZlYlJPam2/hU7JCBZBVEcywNuR+oZ1ncTvc/cq0faRr3P01OVg=="
      },
      "System.Windows.Extensions": {
        "type": "Transitive",
        "resolved": "6.0.0",
        "contentHash": "IXoJOXIqc39AIe+CIR7koBtRGMiCt/LPM3lI+PELtDIy9XdyeSrwXFdWV9dzJ2Awl0paLWUaknLxFQ5HpHZUog==",
        "dependencies": {
          "System.Drawing.Common": "6.0.0"
        }
      },
      "biblioteca.application": {
        "type": "Project",
        "dependencies": {
          "Biblioteca.Domain": "[1.0.0, )",
          "FluentValidation": "[12.0.0, )",
          "FluentValidation.DependencyInjectionExtensions": "[12.0.0, )"
        }
      },
      "biblioteca.domain": {
        "type": "Project"
      },
      "biblioteca.infrastructure": {
        "type": "Project",
        "dependencies": {
          "Biblioteca.Domain": "[1.0.0, )",
          "Microsoft.EntityFrameworkCore.SqlServer": "[9.0.10, )"
        }
      }
    }
  }
}